
Microsoft Visual Studio Solution File, Format Version 12.00
# Visual Studio Version 16
VisualStudioVersion = 16.0.31729.503
MinimumVisualStudioVersion = 10.0.40219.1
Project("{FAE04EC0-301F-11D3-BF4B-00C04F79EFBC}") = "EsercitazioneGitHub", "EsercitazioneGitHub\EsercitazioneGitHub.csproj", "{7D049BEB-9E4B-43B6-9C09-247ABD24DEA8}"
EndProject
Global
	GlobalSection(SolutionConfigurationPlatforms) = preSolution
		Debug|Any CPU = Debug|Any CPU
		Release|Any CPU = Release|Any CPU
	EndGlobalSection
	GlobalSection(ProjectConfigurationPlatforms) = postSolution
		{7D049BEB-9E4B-43B6-9C09-247ABD24DEA8}.Debug|Any CPU.ActiveCfg = Debug|Any CPU
		{7D049BEB-9E4B-43B6-9C09-247ABD24DEA8}.Debug|Any CPU.Build.0 = Debug|Any CPU
		{7D049BEB-9E4B-43B6-9C09-247ABD24DEA8}.Release|Any CPU.ActiveCfg = Release|Any CPU
		{7D049BEB-9E4B-43B6-9C09-247ABD24DEA8}.Release|Any CPU.Build.0 = Release|Any CPU
	EndGlobalSection
	GlobalSection(SolutionProperties) = preSolution
		HideSolutionNode = FALSE
	EndGlobalSection
	GlobalSection(ExtensibilityGlobals) = postSolution
		SolutionGuid = {90B90AAA-8C5E-40F0-B499-421D8674CF6F}
	EndGlobalSection
EndGlobal
